
Microsoft Visual Studio Solution File, Format Version 12.00
# Visual Studio Version 16
VisualStudioVersion = 16.0.31321.278
MinimumVisualStudioVersion = 10.0.40219.1
Project("{9A19103F-16F7-4668-BE54-9A1E7A4F7556}") = "AudioPlayerMVVMandNAudio", "AudioPlayerMVVMandNAudio\AudioPlayerMVVMandNAudio.csproj", "{C0475F04-08EB-4808-93A3-20B863B6DE50}"
EndProject
Project("{9A19103F-16F7-4668-BE54-9A1E7A4F7556}") = "AudioPlayerNAudio", "AudioPlayerNAudio\AudioPlayerNAudio.csproj", "{ACA49573-4EB2-43B8-9197-24519F071E16}"
EndProject
Global
	GlobalSection(SolutionConfigurationPlatforms) = preSolution
		Debug|Any CPU = Debug|Any CPU
		Release|Any CPU = Release|Any CPU
	EndGlobalSection
	GlobalSection(ProjectConfigurationPlatforms) = postSolution
		{C0475F04-08EB-4808-93A3-20B863B6DE50}.Debug|Any CPU.ActiveCfg = Debug|Any CPU
		{C0475F04-08EB-4808-93A3-20B863B6DE50}.Debug|Any CPU.Build.0 = Debug|Any CPU
		{C0475F04-08EB-4808-93A3-20B863B6DE50}.Release|Any CPU.ActiveCfg = Release|Any CPU
		{C0475F04-08EB-4808-93A3-20B863B6DE50}.Release|Any CPU.Build.0 = Release|Any CPU
		{ACA49573-4EB2-43B8-9197-24519F071E16}.Debug|Any CPU.ActiveCfg = Debug|Any CPU
		{ACA49573-4EB2-43B8-9197-24519F071E16}.Debug|Any CPU.Build.0 = Debug|Any CPU
		{ACA49573-4EB2-43B8-9197-24519F071E16}.Release|Any CPU.ActiveCfg = Release|Any CPU
		{ACA49573-4EB2-43B8-9197-24519F071E16}.Release|Any CPU.Build.0 = Release|Any CPU
	EndGlobalSection
	GlobalSection(SolutionProperties) = preSolution
		HideSolutionNode = FALSE
	EndGlobalSection
	GlobalSection(ExtensibilityGlobals) = postSolution
		SolutionGuid = {14888756-0045-40F5-8241-EB65850E54F8}
	EndGlobalSection
EndGlobal
